<?xml version="1.0" encoding="utf-8"?>
<Project ToolsVersion="4.0" xmlns="http://schemas.microsoft.com/developer/msbuild/2003">
  <ItemGroup>
    <Filter Include="Source Files">
      <UniqueIdentifier>{4FC737F1-C7A5-4376-A066-2A32D752A2FF}</UniqueIdentifier>
      <Extensions>cpp;c;cc;cxx;def;odl;idl;hpj;bat;asm;asmx</Extensions>
    </Filter>
    <Filter Include="Header Files">
      <UniqueIdentifier>{93995380-89BD-4b04-88EB-625FBE52EBFB}</UniqueIdentifier>
      <Extensions>h;hh;hpp;hxx;hm;inl;inc;xsd</Extensions>
    </Filter>
    <Filter Include="Resource Files">
      <UniqueIdentifier>{67DA6AB6-F800-4c08-8B7A-83BB121AAD01}</UniqueIdentifier>
      <Extensions>rc;ico;cur;bmp;dlg;rc2;rct;bin;rgs;gif;jpg;jpeg;jpe;resx;tiff;tif;png;wav</Extensions>
    </Filter>
  </ItemGroup>
  <ItemGroup>
    <ClCompile Include="..\..\projects\leveldb-mcpe\db\builder.cc">
      <Filter>Source Files</Filter>
    </ClCompile>
    <ClCompile Include="..\..\projects\leveldb-mcpe\db\c.cc">
      <Filter>Source Files</Filter>
    </ClCompile>
    <ClCompile Include="..\..\projects\leveldb-mcpe\db\db_impl.cc">
      <Filter>Source Files</Filter>
    </ClCompile>
    <ClCompile Include="..\..\projects\leveldb-mcpe\db\db_iter.cc">
      <Filter>Source Files</Filter>
    </ClCompile>
    <ClCompile Include="..\..\projects\leveldb-mcpe\db\dbformat.cc">
      <Filter>Source Files</Filter>
    </ClCompile>
    <ClCompile Include="..\..\projects\leveldb-mcpe\db\dumpfile.cc">
      <Filter>Source Files</Filter>
    </ClCompile>
    <ClCompile Include="..\..\projects\leveldb-mcpe\db\filename.cc">
      <Filter>Source Files</Filter>
    </ClCompile>
    <ClCompile Include="..\..\projects\leveldb-mcpe\db\leveldbutil.cc">
      <Filter>Source Files</Filter>
    </ClCompile>
    <ClCompile Include="..\..\projects\leveldb-mcpe\db\log_reader.cc">
      <Filter>Source Files</Filter>
    </ClCompile>
    <ClCompile Include="..\..\projects\leveldb-mcpe\db\log_writer.cc">
      <Filter>Source Files</Filter>
    </ClCompile>
    <ClCompile Include="..\..\projects\leveldb-mcpe\db\memtable.cc">
      <Filter>Source Files</Filter>
    </ClCompile>
    <ClCompile Include="..\..\projects\leveldb-mcpe\db\repair.cc">
      <Filter>Source Files</Filter>
    </ClCompile>
    <ClCompile Include="..\..\projects\leveldb-mcpe\db\table_cache.cc">
      <Filter>Source Files</Filter>
    </ClCompile>
    <ClCompile Include="..\..\projects\leveldb-mcpe\db\version_edit.cc">
      <Filter>Source Files</Filter>
    </ClCompile>
    <ClCompile Include="..\..\projects\leveldb-mcpe\db\version_set.cc">
      <Filter>Source Files</Filter>
    </ClCompile>
    <ClCompile Include="..\..\projects\leveldb-mcpe\db\write_batch.cc">
      <Filter>Source Files</Filter>
    </ClCompile>
    <ClCompile Include="..\..\projects\leveldb-mcpe\db\zlib_compressor.cc">
      <Filter>Source Files</Filter>
    </ClCompile>
    <ClCompile Include="..\..\projects\leveldb-mcpe\helpers\memenv\memenv.cc">
      <Filter>Source Files</Filter>
    </ClCompile>
    <ClCompile Include="..\..\projects\leveldb-mcpe\port\port_win.cc">
      <Filter>Source Files</Filter>
    </ClCompile>
    <ClCompile Include="..\..\projects\leveldb-mcpe\table\block.cc">
      <Filter>Source Files</Filter>
    </ClCompile>
    <ClCompile Include="..\..\projects\leveldb-mcpe\table\block_builder.cc">
      <Filter>Source Files</Filter>
    </ClCompile>
    <ClCompile Include="..\..\projects\leveldb-mcpe\table\filter_block.cc">
      <Filter>Source Files</Filter>
    </ClCompile>
    <ClCompile Include="..\..\projects\leveldb-mcpe\table\format.cc">
      <Filter>Source Files</Filter>
    </ClCompile>
    <ClCompile Include="..\..\projects\leveldb-mcpe\table\iterator.cc">
      <Filter>Source Files</Filter>
    </ClCompile>
    <ClCompile Include="..\..\projects\leveldb-mcpe\table\merger.cc">
      <Filter>Source Files</Filter>
    </ClCompile>
    <ClCompile Include="..\..\projects\leveldb-mcpe\table\table.cc">
      <Filter>Source Files</Filter>
    </ClCompile>
    <ClCompile Include="..\..\projects\leveldb-mcpe\table\table_builder.cc">
      <Filter>Source Files</Filter>
    </ClCompile>
    <ClCompile Include="..\..\projects\leveldb-mcpe\table\two_level_iterator.cc">
      <Filter>Source Files</Filter>
    </ClCompile>
    <ClCompile Include="..\..\projects\leveldb-mcpe\util\arena.cc">
      <Filter>Source Files</Filter>
    </ClCompile>
    <ClCompile Include="..\..\projects\leveldb-mcpe\util\bloom.cc">
      <Filter>Source Files</Filter>
    </ClCompile>
    <ClCompile Include="..\..\projects\leveldb-mcpe\util\cache.cc">
      <Filter>Source Files</Filter>
    </ClCompile>
    <ClCompile Include="..\..\projects\leveldb-mcpe\util\coding.cc">
      <Filter>Source Files</Filter>
    </ClCompile>
    <ClCompile Include="..\..\projects\leveldb-mcpe\util\comparator.cc">
      <Filter>Source Files</Filter>
    </ClCompile>
    <ClCompile Include="..\..\projects\leveldb-mcpe\util\crc32c.cc">
      <Filter>Source Files</Filter>
    </ClCompile>
    <ClCompile Include="..\..\projects\leveldb-mcpe\util\env.cc">
      <Filter>Source Files</Filter>
    </ClCompile>
    <ClCompile Include="..\..\projects\leveldb-mcpe\util\env_win.cc">
      <Filter>Source Files</Filter>
    </ClCompile>
    <ClCompile Include="..\..\projects\leveldb-mcpe\util\filter_policy.cc">
      <Filter>Source Files</Filter>
    </ClCompile>
    <ClCompile Include="..\..\projects\leveldb-mcpe\util\hash.cc">
      <Filter>Source Files</Filter>
    </ClCompile>
    <ClCompile Include="..\..\projects\leveldb-mcpe\util\histogram.cc">
      <Filter>Source Files</Filter>
    </ClCompile>
    <ClCompile Include="..\..\projects\leveldb-mcpe\util\logging.cc">
      <Filter>Source Files</Filter>
    </ClCompile>
    <ClCompile Include="..\..\projects\leveldb-mcpe\util\options.cc">
      <Filter>Source Files</Filter>
    </ClCompile>
    <ClCompile Include="..\..\projects\leveldb-mcpe\util\status.cc">
      <Filter>Source Files</Filter>
    </ClCompile>
    <ClCompile Include="..\..\projects\leveldb-mcpe\util\win_logger.cc">
      <Filter>Source Files</Filter>
    </ClCompile>
    <ClCompile Include="..\..\Projects\leveldb-mcpe\port\port_posix_sse.cc">
      <Filter>Source Files</Filter>
    </ClCompile>
    <ClCompile Include="..\..\projects\zlib\adler32.c">
      <Filter>Source Files</Filter>
    </ClCompile>
    <ClCompile Include="..\..\projects\zlib\compress.c">
      <Filter>Source Files</Filter>
    </ClCompile>
    <ClCompile Include="..\..\projects\zlib\crc32.c">
      <Filter>Source Files</Filter>
    </ClCompile>
    <ClCompile Include="..\..\projects\zlib\deflate.c">
      <Filter>Source Files</Filter>
    </ClCompile>
    <ClCompile Include="..\..\projects\zlib\gzclose.c">
      <Filter>Source Files</Filter>
    </ClCompile>
    <ClCompile Include="..\..\projects\zlib\gzlib.c">
      <Filter>Source Files</Filter>
    </ClCompile>
    <ClCompile Include="..\..\projects\zlib\gzread.c">
      <Filter>Source Files</Filter>
    </ClCompile>
    <ClCompile Include="..\..\projects\zlib\gzwrite.c">
      <Filter>Source Files</Filter>
    </ClCompile>
    <ClCompile Include="..\..\projects\zlib\infback.c">
      <Filter>Source Files</Filter>
    </ClCompile>
    <ClCompile Include="..\..\projects\zlib\inffast.c">
      <Filter>Source Files</Filter>
    </ClCompile>
    <ClCompile Include="..\..\projects\zlib\inflate.c">
      <Filter>Source Files</Filter>
    </ClCompile>
    <ClCompile Include="..\..\projects\zlib\inftrees.c">
      <Filter>Source Files</Filter>
    </ClCompile>
    <ClCompile Include="..\..\projects\zlib\trees.c">
      <Filter>Source Files</Filter>
    </ClCompile>
    <ClCompile Include="..\..\projects\zlib\uncompr.c">
      <Filter>Source Files</Filter>
    </ClCompile>
    <ClCompile Include="..\..\projects\zlib\zutil.c">
      <Filter>Source Files</Filter>
    </ClCompile>
    <ClCompile Include="..\..\Projects\leveldb-mcpe\db\snappy_compressor.cc">
      <Filter>Source Files</Filter>
    </ClCompile>
  </ItemGroup>
  <ItemGroup>
    <ClInclude Include="..\..\projects\leveldb-mcpe\db\builder.h">
      <Filter>Header Files</Filter>
    </ClInclude>
    <ClInclude Include="..\..\projects\leveldb-mcpe\db\db_impl.h">
      <Filter>Header Files</Filter>
    </ClInclude>
    <ClInclude Include="..\..\projects\leveldb-mcpe\db\db_iter.h">
      <Filter>Header Files</Filter>
    </ClInclude>
    <ClInclude Include="..\..\projects\leveldb-mcpe\db\dbformat.h">
      <Filter>Header Files</Filter>
    </ClInclude>
    <ClInclude Include="..\..\projects\leveldb-mcpe\db\filename.h">
      <Filter>Header Files</Filter>
    </ClInclude>
    <ClInclude Include="..\..\projects\leveldb-mcpe\db\log_format.h">
      <Filter>Header Files</Filter>
    </ClInclude>
    <ClInclude Include="..\..\projects\leveldb-mcpe\db\log_reader.h">
      <Filter>Header Files</Filter>
    </ClInclude>
    <ClInclude Include="..\..\projects\leveldb-mcpe\db\log_writer.h">
      <Filter>Header Files</Filter>
    </ClInclude>
    <ClInclude Include="..\..\projects\leveldb-mcpe\db\memtable.h">
      <Filter>Header Files</Filter>
    </ClInclude>
    <ClInclude Include="..\..\projects\leveldb-mcpe\db\skiplist.h">
      <Filter>Header Files</Filter>
    </ClInclude>
    <ClInclude Include="..\..\projects\leveldb-mcpe\db\snapshot.h">
      <Filter>Header Files</Filter>
    </ClInclude>
    <ClInclude Include="..\..\projects\leveldb-mcpe\db\table_cache.h">
      <Filter>Header Files</Filter>
    </ClInclude>
    <ClInclude Include="..\..\projects\leveldb-mcpe\db\version_edit.h">
      <Filter>Header Files</Filter>
    </ClInclude>
    <ClInclude Include="..\..\projects\leveldb-mcpe\db\version_set.h">
      <Filter>Header Files</Filter>
    </ClInclude>
    <ClInclude Include="..\..\projects\leveldb-mcpe\db\write_batch_internal.h">
      <Filter>Header Files</Filter>
    </ClInclude>
    <ClInclude Include="..\..\projects\leveldb-mcpe\helpers\memenv\memenv.h">
      <Filter>Header Files</Filter>
    </ClInclude>
    <ClInclude Include="..\..\projects\leveldb-mcpe\include\leveldb\c.h">
      <Filter>Header Files</Filter>
    </ClInclude>
    <ClInclude Include="..\..\projects\leveldb-mcpe\include\leveldb\cache.h">
      <Filter>Header Files</Filter>
    </ClInclude>
    <ClInclude Include="..\..\projects\leveldb-mcpe\include\leveldb\comparator.h">
      <Filter>Header Files</Filter>
    </ClInclude>
    <ClInclude Include="..\..\projects\leveldb-mcpe\include\leveldb\compressor.h">
      <Filter>Header Files</Filter>
    </ClInclude>
    <ClInclude Include="..\..\projects\leveldb-mcpe\include\leveldb\db.h">
      <Filter>Header Files</Filter>
    </ClInclude>
    <ClInclude Include="..\..\projects\leveldb-mcpe\include\leveldb\decompress_allocator.h">
      <Filter>Header Files</Filter>
    </ClInclude>
    <ClInclude Include="..\..\projects\leveldb-mcpe\include\leveldb\dumpfile.h">
      <Filter>Header Files</Filter>
    </ClInclude>
    <ClInclude Include="..\..\projects\leveldb-mcpe\include\leveldb\env.h">
      <Filter>Header Files</Filter>
    </ClInclude>
    <ClInclude Include="..\..\projects\leveldb-mcpe\include\leveldb\filter_policy.h">
      <Filter>Header Files</Filter>
    </ClInclude>
    <ClInclude Include="..\..\projects\leveldb-mcpe\include\leveldb\iterator.h">
      <Filter>Header Files</Filter>
    </ClInclude>
    <ClInclude Include="..\..\projects\leveldb-mcpe\include\leveldb\options.h">
      <Filter>Header Files</Filter>
    </ClInclude>
    <ClInclude Include="..\..\projects\leveldb-mcpe\include\leveldb\slice.h">
      <Filter>Header Files</Filter>
    </ClInclude>
    <ClInclude Include="..\..\projects\leveldb-mcpe\include\leveldb\status.h">
      <Filter>Header Files</Filter>
    </ClInclude>
    <ClInclude Include="..\..\projects\leveldb-mcpe\include\leveldb\table.h">
      <Filter>Header Files</Filter>
    </ClInclude>
    <ClInclude Include="..\..\projects\leveldb-mcpe\include\leveldb\table_builder.h">
      <Filter>Header Files</Filter>
    </ClInclude>
    <ClInclude Include="..\..\projects\leveldb-mcpe\include\leveldb\write_batch.h">
      <Filter>Header Files</Filter>
    </ClInclude>
    <ClInclude Include="..\..\projects\leveldb-mcpe\include\leveldb\zlib_compressor.h">
      <Filter>Header Files</Filter>
    </ClInclude>
    <ClInclude Include="..\..\projects\leveldb-mcpe\port\atomic_pointer.h">
      <Filter>Header Files</Filter>
    </ClInclude>
    <ClInclude Include="..\..\projects\leveldb-mcpe\port\port.h">
      <Filter>Header Files</Filter>
    </ClInclude>
    <ClInclude Include="..\..\projects\leveldb-mcpe\port\port_win.h">
      <Filter>Header Files</Filter>
    </ClInclude>
    <ClInclude Include="..\..\projects\leveldb-mcpe\port\thread_annotations.h">
      <Filter>Header Files</Filter>
    </ClInclude>
    <ClInclude Include="..\..\projects\leveldb-mcpe\port\win\stdint.h">
      <Filter>Header Files</Filter>
    </ClInclude>
    <ClInclude Include="..\..\projects\leveldb-mcpe\table\block.h">
      <Filter>Header Files</Filter>
    </ClInclude>
    <ClInclude Include="..\..\projects\leveldb-mcpe\table\block_builder.h">
      <Filter>Header Files</Filter>
    </ClInclude>
    <ClInclude Include="..\..\projects\leveldb-mcpe\table\filter_block.h">
      <Filter>Header Files</Filter>
    </ClInclude>
    <ClInclude Include="..\..\projects\leveldb-mcpe\table\format.h">
      <Filter>Header Files</Filter>
    </ClInclude>
    <ClInclude Include="..\..\projects\leveldb-mcpe\table\iterator_wrapper.h">
      <Filter>Header Files</Filter>
    </ClInclude>
    <ClInclude Include="..\..\projects\leveldb-mcpe\table\merger.h">
      <Filter>Header Files</Filter>
    </ClInclude>
    <ClInclude Include="..\..\projects\leveldb-mcpe\table\two_level_iterator.h">
      <Filter>Header Files</Filter>
    </ClInclude>
    <ClInclude Include="..\..\projects\leveldb-mcpe\util\Filepath.h">
      <Filter>Header Files</Filter>
    </ClInclude>
    <ClInclude Include="..\..\projects\leveldb-mcpe\util\arena.h">
      <Filter>Header Files</Filter>
    </ClInclude>
    <ClInclude Include="..\..\projects\leveldb-mcpe\util\coding.h">
      <Filter>Header Files</Filter>
    </ClInclude>
    <ClInclude Include="..\..\projects\leveldb-mcpe\util\crc32c.h">
      <Filter>Header Files</Filter>
    </ClInclude>
    <ClInclude Include="..\..\projects\leveldb-mcpe\util\hash.h">
      <Filter>Header Files</Filter>
    </ClInclude>
    <ClInclude Include="..\..\projects\leveldb-mcpe\util\histogram.h">
      <Filter>Header Files</Filter>
    </ClInclude>
    <ClInclude Include="..\..\projects\leveldb-mcpe\util\logging.h">
      <Filter>Header Files</Filter>
    </ClInclude>
    <ClInclude Include="..\..\projects\leveldb-mcpe\util\mutexlock.h">
      <Filter>Header Files</Filter>
    </ClInclude>
    <ClInclude Include="..\..\projects\leveldb-mcpe\util\random.h">
      <Filter>Header Files</Filter>
    </ClInclude>
    <ClInclude Include="..\..\projects\leveldb-mcpe\util\win_logger.h">
      <Filter>Header Files</Filter>
    </ClInclude>
    <ClInclude Include="..\..\projects\include\unistd.h">
      <Filter>Header Files</Filter>
    </ClInclude>
    <ClInclude Include="..\..\projects\zlib\crc32.h">
      <Filter>Header Files</Filter>
    </ClInclude>
    <ClInclude Include="..\..\projects\zlib\deflate.h">
      <Filter>Header Files</Filter>
    </ClInclude>
    <ClInclude Include="..\..\projects\zlib\gzguts.h">
      <Filter>Header Files</Filter>
    </ClInclude>
    <ClInclude Include="..\..\projects\zlib\inffast.h">
      <Filter>Header Files</Filter>
    </ClInclude>
    <ClInclude Include="..\..\projects\zlib\inffixed.h">
      <Filter>Header Files</Filter>
    </ClInclude>
    <ClInclude Include="..\..\projects\zlib\inflate.h">
      <Filter>Header Files</Filter>
    </ClInclude>
    <ClInclude Include="..\..\projects\zlib\inftrees.h">
      <Filter>Header Files</Filter>
    </ClInclude>
    <ClInclude Include="..\..\projects\zlib\trees.h">
      <Filter>Header Files</Filter>
    </ClInclude>
    <ClInclude Include="..\..\projects\zlib\zconf.h">
      <Filter>Header Files</Filter>
    </ClInclude>
    <ClInclude Include="..\..\projects\zlib\zlib.h">
      <Filter>Header Files</Filter>
    </ClInclude>
    <ClInclude Include="..\..\projects\zlib\zutil.h">
      <Filter>Header Files</Filter>
    </ClInclude>
    <ClInclude Include="..\..\Projects\leveldb-mcpe\include\leveldb\snappy_compressor.h">
      <Filter>Header Files</Filter>
    </ClInclude>
  </ItemGroup>
</Project>